
Microsoft Visual Studio Solution File, Format Version 12.00
# Visual Studio 15
Project("{FAE04EC0-301F-11D3-BF4B-00C04F79EFBC}") = "Assembly-CSharp", "Assembly-CSharp.csproj", "{0D4D07F1-A17B-74D6-4F49-C4D889CC7713}"
EndProject
Project("{FAE04EC0-301F-11D3-BF4B-00C04F79EFBC}") = "Assembly-CSharp-Editor", "Assembly-CSharp-Editor.csproj", "{B5CF2949-4B26-BF5A-AA1D-0D5DF159694E}"
EndProject
Global
	GlobalSection(SolutionConfigurationPlatforms) = preSolution
		Debug|Any CPU = Debug|Any CPU
		Release|Any CPU = Release|Any CPU
	EndGlobalSection
	GlobalSection(ProjectConfigurationPlatforms) = postSolution
		{0D4D07F1-A17B-74D6-4F49-C4D889CC7713}.Debug|Any CPU.ActiveCfg = Debug|Any CPU
		{0D4D07F1-A17B-74D6-4F49-C4D889CC7713}.Debug|Any CPU.Build.0 = Debug|Any CPU
		{0D4D07F1-A17B-74D6-4F49-C4D889CC7713}.Release|Any CPU.ActiveCfg = Release|Any CPU
		{0D4D07F1-A17B-74D6-4F49-C4D889CC7713}.Release|Any CPU.Build.0 = Release|Any CPU
		{B5CF2949-4B26-BF5A-AA1D-0D5DF159694E}.Debug|Any CPU.ActiveCfg = Debug|Any CPU
		{B5CF2949-4B26-BF5A-AA1D-0D5DF159694E}.Debug|Any CPU.Build.0 = Debug|Any CPU
		{B5CF2949-4B26-BF5A-AA1D-0D5DF159694E}.Release|Any CPU.ActiveCfg = Release|Any CPU
		{B5CF2949-4B26-BF5A-AA1D-0D5DF159694E}.Release|Any CPU.Build.0 = Release|Any CPU
	EndGlobalSection
	GlobalSection(SolutionProperties) = preSolution
		HideSolutionNode = FALSE
	EndGlobalSection
EndGlobal
